
Microsoft Visual Studio Solution File, Format Version 12.00
# Visual Studio Version 17
VisualStudioVersion = 17.6.33829.357
MinimumVisualStudioVersion = 10.0.40219.1
Project("{FAE04EC0-301F-11D3-BF4B-00C04F79EFBC}") = "AcademicRecordsApp", "AcademicRecordsApp\AcademicRecordsApp.csproj", "{BD74D205-1D00-4D61-8BB6-97C027FA41D7}"
EndProject
Global
	GlobalSection(SolutionConfigurationPlatforms) = preSolution
		Debug|Any CPU = Debug|Any CPU
		Release|Any CPU = Release|Any CPU
	EndGlobalSection
	GlobalSection(ProjectConfigurationPlatforms) = postSolution
		{BD74D205-1D00-4D61-8BB6-97C027FA41D7}.Debug|Any CPU.ActiveCfg = Debug|Any CPU
		{BD74D205-1D00-4D61-8BB6-97C027FA41D7}.Debug|Any CPU.Build.0 = Debug|Any CPU
		{BD74D205-1D00-4D61-8BB6-97C027FA41D7}.Release|Any CPU.ActiveCfg = Release|Any CPU
		{BD74D205-1D00-4D61-8BB6-97C027FA41D7}.Release|Any CPU.Build.0 = Release|Any CPU
	EndGlobalSection
	GlobalSection(SolutionProperties) = preSolution
		HideSolutionNode = FALSE
	EndGlobalSection
	GlobalSection(ExtensibilityGlobals) = postSolution
		SolutionGuid = {30C81909-4410-40C3-B534-783DAA514E9A}
	EndGlobalSection
EndGlobal
