
Microsoft Visual Studio Solution File, Format Version 12.00
# Visual Studio Version 17
VisualStudioVersion = 17.6.33829.357
MinimumVisualStudioVersion = 10.0.40219.1
Project("{FAE04EC0-301F-11D3-BF4B-00C04F79EFBC}") = "P02_FootballBetting", "P02_FootballBetting\P02_FootballBetting.csproj", "{EDD913A0-3E86-4995-B5D5-3590E62D21A0}"
EndProject
Global
	GlobalSection(SolutionConfigurationPlatforms) = preSolution
		Debug|Any CPU = Debug|Any CPU
		Release|Any CPU = Release|Any CPU
	EndGlobalSection
	GlobalSection(ProjectConfigurationPlatforms) = postSolution
		{EDD913A0-3E86-4995-B5D5-3590E62D21A0}.Debug|Any CPU.ActiveCfg = Debug|Any CPU
		{EDD913A0-3E86-4995-B5D5-3590E62D21A0}.Debug|Any CPU.Build.0 = Debug|Any CPU
		{EDD913A0-3E86-4995-B5D5-3590E62D21A0}.Release|Any CPU.ActiveCfg = Release|Any CPU
		{EDD913A0-3E86-4995-B5D5-3590E62D21A0}.Release|Any CPU.Build.0 = Release|Any CPU
	EndGlobalSection
	GlobalSection(SolutionProperties) = preSolution
		HideSolutionNode = FALSE
	EndGlobalSection
	GlobalSection(ExtensibilityGlobals) = postSolution
		SolutionGuid = {CC2E2C1D-D113-43AE-A3A7-7F6A393B767B}
	EndGlobalSection
EndGlobal
